// !$*UTF8*$!
{
	archiveVersion = 1;
	classes = {
	};
	objectVersion = 46;
	objects = {

/* Begin PBXBuildFile section */
		020F755C1E3AB8A7001007EA /* AppDelegate.swift in Sources */ = {isa = PBXBuildFile; fileRef = 020F755B1E3AB8A7001007EA /* AppDelegate.swift */; };
		020F755E1E3AB8A7001007EA /* ViewController.swift in Sources */ = {isa = PBXBuildFile; fileRef = 020F755D1E3AB8A7001007EA /* ViewController.swift */; };
		020F75611E3AB8A7001007EA /* Main.storyboard in Resources */ = {isa = PBXBuildFile; fileRef = 020F755F1E3AB8A7001007EA /* Main.storyboard */; };
		020F75631E3AB8A7001007EA /* Assets.xcassets in Resources */ = {isa = PBXBuildFile; fileRef = 020F75621E3AB8A7001007EA /* Assets.xcassets */; };
		020F75661E3AB8A7001007EA /* LaunchScreen.storyboard in Resources */ = {isa = PBXBuildFile; fileRef = 020F75641E3AB8A7001007EA /* LaunchScreen.storyboard */; };
		022CC8371E3BCE9200CCCF4F /* GoogleService-Info.plist in Resources */ = {isa = PBXBuildFile; fileRef = 022CC8361E3BCE9200CCCF4F /* GoogleService-Info.plist */; };
		022CC8391E3D745200CCCF4F /* NameFactory.swift in Sources */ = {isa = PBXBuildFile; fileRef = 022CC8381E3D745200CCCF4F /* NameFactory.swift */; };
		029663201E3AF58F005E741E /* MainViewController.swift in Sources */ = {isa = PBXBuildFile; fileRef = 0296631F1E3AF58F005E741E /* MainViewController.swift */; };
		7581FF8E88295105C2173742 /* Pods_Systemly.framework in Frameworks */ = {isa = PBXBuildFile; fileRef = 5C1459F9E96645E5CFD3D414 /* Pods_Systemly.framework */; };
/* End PBXBuildFile section */

/* Begin PBXFileReference section */
		020F75581E3AB8A7001007EA /* Systemly.app */ = {isa = PBXFileReference; explicitFileType = wrapper.application; includeInIndex = 0; path = Systemly.app; sourceTree = BUILT_PRODUCTS_DIR; };
		020F755B1E3AB8A7001007EA /* AppDelegate.swift */ = {isa = PBXFileReference; lastKnownFileType = sourcecode.swift; path = AppDelegate.swift; sourceTree = "<group>"; };
		020F755D1E3AB8A7001007EA /* ViewController.swift */ = {isa = PBXFileReference; lastKnownFileType = sourcecode.swift; path = ViewController.swift; sourceTree = "<group>"; };
		020F75601E3AB8A7001007EA /* Base */ = {isa = PBXFileReference; lastKnownFileType = file.storyboard; name = Base; path = Base.lproj/Main.storyboard; sourceTree = "<group>"; };
		020F75621E3AB8A7001007EA /* Assets.xcassets */ = {isa = PBXFileReference; lastKnownFileType = folder.assetcatalog; path = Assets.xcassets; sourceTree = "<group>"; };
		020F75651E3AB8A7001007EA /* Base */ = {isa = PBXFileReference; lastKnownFileType = file.storyboard; name = Base; path = Base.lproj/LaunchScreen.storyboard; sourceTree = "<group>"; };
		020F75671E3AB8A7001007EA /* Info.plist */ = {isa = PBXFileReference; lastKnownFileType = text.plist.xml; path = Info.plist; sourceTree = "<group>"; };
		022CC8331E3BC34A00CCCF4F /* Systemly-Bridging-Header.h */ = {isa = PBXFileReference; lastKnownFileType = sourcecode.c.h; path = "Systemly-Bridging-Header.h"; sourceTree = "<group>"; };
		022CC8361E3BCE9200CCCF4F /* GoogleService-Info.plist */ = {isa = PBXFileReference; fileEncoding = 4; lastKnownFileType = text.plist.xml; path = "GoogleService-Info.plist"; sourceTree = SOURCE_ROOT; };
		022CC8381E3D745200CCCF4F /* NameFactory.swift */ = {isa = PBXFileReference; fileEncoding = 4; lastKnownFileType = sourcecode.swift; path = NameFactory.swift; sourceTree = "<group>"; };
		0250CAAC1E3ACF2B004C92C9 /* Systemly.entitlements */ = {isa = PBXFileReference; lastKnownFileType = text.plist.entitlements; path = Systemly.entitlements; sourceTree = "<group>"; };
		0296631F1E3AF58F005E741E /* MainViewController.swift */ = {isa = PBXFileReference; fileEncoding = 4; lastKnownFileType = sourcecode.swift; path = MainViewController.swift; sourceTree = "<group>"; };
		5C1459F9E96645E5CFD3D414 /* Pods_Systemly.framework */ = {isa = PBXFileReference; explicitFileType = wrapper.framework; includeInIndex = 0; path = Pods_Systemly.framework; sourceTree = BUILT_PRODUCTS_DIR; };
		E0304FF4157A5C3D32AA5813 /* Pods-Systemly.release.xcconfig */ = {isa = PBXFileReference; includeInIndex = 1; lastKnownFileType = text.xcconfig; name = "Pods-Systemly.release.xcconfig"; path = "Pods/Target Support Files/Pods-Systemly/Pods-Systemly.release.xcconfig"; sourceTree = "<group>"; };
		FEEE3D6F979E70CEE3E1C838 /* Pods-Systemly.debug.xcconfig */ = {isa = PBXFileReference; includeInIndex = 1; lastKnownFileType = text.xcconfig; name = "Pods-Systemly.debug.xcconfig"; path = "Pods/Target Support Files/Pods-Systemly/Pods-Systemly.debug.xcconfig"; sourceTree = "<group>"; };
/* End PBXFileReference section */

/* Begin PBXFrameworksBuildPhase section */
		020F75551E3AB8A7001007EA /* Frameworks */ = {
			isa = PBXFrameworksBuildPhase;
			buildActionMask = 2147483647;
			files = (
				7581FF8E88295105C2173742 /* Pods_Systemly.framework in Frameworks */,
			);
			runOnlyForDeploymentPostprocessing = 0;
		};
/* End PBXFrameworksBuildPhase section */

/* Begin PBXGroup section */
		020F754F1E3AB8A7001007EA = {
			isa = PBXGroup;
			children = (
				020F755A1E3AB8A7001007EA /* Systemly */,
				020F75591E3AB8A7001007EA /* Products */,
				BC2C750F795EF3F38E231AF4 /* Pods */,
				4A59A47218BEBAEF0FAA5FEC /* Frameworks */,
			);
			sourceTree = "<group>";
		};
		020F75591E3AB8A7001007EA /* Products */ = {
			isa = PBXGroup;
			children = (
				020F75581E3AB8A7001007EA /* Systemly.app */,
			);
			name = Products;
			sourceTree = "<group>";
		};
		020F755A1E3AB8A7001007EA /* Systemly */ = {
			isa = PBXGroup;
			children = (
				0250CAAC1E3ACF2B004C92C9 /* Systemly.entitlements */,
				020F755B1E3AB8A7001007EA /* AppDelegate.swift */,
				020F755D1E3AB8A7001007EA /* ViewController.swift */,
				020F755F1E3AB8A7001007EA /* Main.storyboard */,
				020F75621E3AB8A7001007EA /* Assets.xcassets */,
				020F75641E3AB8A7001007EA /* LaunchScreen.storyboard */,
				020F75671E3AB8A7001007EA /* Info.plist */,
				022CC8361E3BCE9200CCCF4F /* GoogleService-Info.plist */,
				0296631F1E3AF58F005E741E /* MainViewController.swift */,
				022CC8331E3BC34A00CCCF4F /* Systemly-Bridging-Header.h */,
				022CC8381E3D745200CCCF4F /* NameFactory.swift */,
			);
			path = Systemly;
			sourceTree = "<group>";
		};
		4A59A47218BEBAEF0FAA5FEC /* Frameworks */ = {
			isa = PBXGroup;
			children = (
				5C1459F9E96645E5CFD3D414 /* Pods_Systemly.framework */,
			);
			name = Frameworks;
			sourceTree = "<group>";
		};
		BC2C750F795EF3F38E231AF4 /* Pods */ = {
			isa = PBXGroup;
			children = (
				FEEE3D6F979E70CEE3E1C838 /* Pods-Systemly.debug.xcconfig */,
				E0304FF4157A5C3D32AA5813 /* Pods-Systemly.release.xcconfig */,
			);
			name = Pods;
			sourceTree = "<group>";
		};
/* End PBXGroup section */

/* Begin PBXNativeTarget section */
		020F75571E3AB8A7001007EA /* Systemly */ = {
			isa = PBXNativeTarget;
			buildConfigurationList = 020F756A1E3AB8A7001007EA /* Build configuration list for PBXNativeTarget "Systemly" */;
			buildPhases = (
				825B28A8D14E164F38F9FE41 /* [CP] Check Pods Manifest.lock */,
				020F75541E3AB8A7001007EA /* Sources */,
				020F75551E3AB8A7001007EA /* Frameworks */,
				020F75561E3AB8A7001007EA /* Resources */,
				3D81BB716791A6510F529D28 /* [CP] Embed Pods Frameworks */,
				0C695E231D83616F1B19CEA5 /* [CP] Copy Pods Resources */,
			);
			buildRules = (
			);
			dependencies = (
			);
			name = Systemly;
			productName = Systemly;
			productReference = 020F75581E3AB8A7001007EA /* Systemly.app */;
			productType = "com.apple.product-type.application";
		};
/* End PBXNativeTarget section */

/* Begin PBXProject section */
		020F75501E3AB8A7001007EA /* Project object */ = {
			isa = PBXProject;
			attributes = {
				LastSwiftUpdateCheck = 0820;
				LastUpgradeCheck = 0820;
				ORGANIZATIONNAME = "Gabriel Ducharme";
				TargetAttributes = {
					020F75571E3AB8A7001007EA = {
						CreatedOnToolsVersion = 8.2.1;
						DevelopmentTeam = 6P98KSK3PB;
						LastSwiftMigration = 0820;
						ProvisioningStyle = Automatic;
						SystemCapabilities = {
							com.apple.Keychain = {
								enabled = 1;
							};
						};
					};
				};
			};
			buildConfigurationList = 020F75531E3AB8A7001007EA /* Build configuration list for PBXProject "Systemly" */;
			compatibilityVersion = "Xcode 3.2";
			developmentRegion = English;
			hasScannedForEncodings = 0;
			knownRegions = (
				en,
				Base,
			);
			mainGroup = 020F754F1E3AB8A7001007EA;
			productRefGroup = 020F75591E3AB8A7001007EA /* Products */;
			projectDirPath = "";
			projectRoot = "";
			targets = (
				020F75571E3AB8A7001007EA /* Systemly */,
			);
		};
/* End PBXProject section */

/* Begin PBXResourcesBuildPhase section */
		020F75561E3AB8A7001007EA /* Resources */ = {
			isa = PBXResourcesBuildPhase;
			buildActionMask = 2147483647;
			files = (
				020F75661E3AB8A7001007EA /* LaunchScreen.storyboard in Resources */,
				022CC8371E3BCE9200CCCF4F /* GoogleService-Info.plist in Resources */,
				020F75631E3AB8A7001007EA /* Assets.xcassets in Resources */,
				020F75611E3AB8A7001007EA /* Main.storyboard in Resources */,
			);
			runOnlyForDeploymentPostprocessing = 0;
		};
/* End PBXResourcesBuildPhase section */

/* Begin PBXShellScriptBuildPhase section */
		0C695E231D83616F1B19CEA5 /* [CP] Copy Pods Resources */ = {
			isa = PBXShellScriptBuildPhase;
			buildActionMask = 2147483647;
			files = (
			);
			inputPaths = (
			);
			name = "[CP] Copy Pods Resources";
			outputPaths = (
			);
			runOnlyForDeploymentPostprocessing = 0;
			shellPath = /bin/sh;
			shellScript = "\"${SRCROOT}/Pods/Target Support Files/Pods-Systemly/Pods-Systemly-resources.sh\"\n";
			showEnvVarsInLog = 0;
		};
		3D81BB716791A6510F529D28 /* [CP] Embed Pods Frameworks */ = {
			isa = PBXShellScriptBuildPhase;
			buildActionMask = 2147483647;
			files = (
			);
			inputPaths = (
			);
			name = "[CP] Embed Pods Frameworks";
			outputPaths = (
			);
			runOnlyForDeploymentPostprocessing = 0;
			shellPath = /bin/sh;
			shellScript = "\"${SRCROOT}/Pods/Target Support Files/Pods-Systemly/Pods-Systemly-frameworks.sh\"\n";
			showEnvVarsInLog = 0;
		};
		825B28A8D14E164F38F9FE41 /* [CP] Check Pods Manifest.lock */ = {
			isa = PBXShellScriptBuildPhase;
			buildActionMask = 2147483647;
			files = (
			);
			inputPaths = (
			);
			name = "[CP] Check Pods Manifest.lock";
			outputPaths = (
			);
			runOnlyForDeploymentPostprocessing = 0;
			shellPath = /bin/sh;
			shellScript = "diff \"${PODS_ROOT}/../Podfile.lock\" \"${PODS_ROOT}/Manifest.lock\" > /dev/null\nif [ $? != 0 ] ; then\n    # print error to STDERR\n    echo \"error: The sandbox is not in sync with the Podfile.lock. Run 'pod install' or update your CocoaPods installation.\" >&2\n    exit 1\nfi\n";
			showEnvVarsInLog = 0;
		};
/* End PBXShellScriptBuildPhase section */

/* Begin PBXSourcesBuildPhase section */
		020F75541E3AB8A7001007EA /* Sources */ = {
			isa = PBXSourcesBuildPhase;
			buildActionMask = 2147483647;
			files = (
				029663201E3AF58F005E741E /* MainViewController.swift in Sources */,
				022CC8391E3D745200CCCF4F /* NameFactory.swift in Sources */,
				020F755E1E3AB8A7001007EA /* ViewController.swift in Sources */,
				020F755C1E3AB8A7001007EA /* AppDelegate.swift in Sources */,
			);
			runOnlyForDeploymentPostprocessing = 0;
		};
/* End PBXSourcesBuildPhase section */

/* Begin PBXVariantGroup section */
		020F755F1E3AB8A7001007EA /* Main.storyboard */ = {
			isa = PBXVariantGroup;
			children = (
				020F75601E3AB8A7001007EA /* Base */,
			);
			name = Main.storyboard;
			sourceTree = "<group>";
		};
		020F75641E3AB8A7001007EA /* LaunchScreen.storyboard */ = {
			isa = PBXVariantGroup;
			children = (
				020F75651E3AB8A7001007EA /* Base */,
			);
			name = LaunchScreen.storyboard;
			sourceTree = "<group>";
		};
/* End PBXVariantGroup section */

/* Begin XCBuildConfiguration section */
		020F75681E3AB8A7001007EA /* Debug */ = {
			isa = XCBuildConfiguration;
			buildSettings = {
				ALWAYS_SEARCH_USER_PATHS = NO;
				CLANG_ANALYZER_NONNULL = YES;
				CLANG_CXX_LANGUAGE_STANDARD = "gnu++0x";
				CLANG_CXX_LIBRARY = "libc++";
				CLANG_ENABLE_MODULES = YES;
				CLANG_ENABLE_OBJC_ARC = YES;
				CLANG_WARN_BOOL_CONVERSION = YES;
				CLANG_WARN_CONSTANT_CONVERSION = YES;
				CLANG_WARN_DIRECT_OBJC_ISA_USAGE = YES_ERROR;
				CLANG_WARN_DOCUMENTATION_COMMENTS = YES;
				CLANG_WARN_EMPTY_BODY = YES;
				CLANG_WARN_ENUM_CONVERSION = YES;
				CLANG_WARN_INFINITE_RECURSION = YES;
				CLANG_WARN_INT_CONVERSION = YES;
				CLANG_WARN_OBJC_ROOT_CLASS = YES_ERROR;
				CLANG_WARN_SUSPICIOUS_MOVE = YES;
				CLANG_WARN_UNREACHABLE_CODE = YES;
				CLANG_WARN__DUPLICATE_METHOD_MATCH = YES;
				"CODE_SIGN_IDENTITY[sdk=iphoneos*]" = "iPhone Developer";
				COPY_PHASE_STRIP = NO;
				DEBUG_INFORMATION_FORMAT = dwarf;
				ENABLE_STRICT_OBJC_MSGSEND = YES;
				ENABLE_TESTABILITY = YES;
				GCC_C_LANGUAGE_STANDARD = gnu99;
				GCC_DYNAMIC_NO_PIC = NO;
				GCC_NO_COMMON_BLOCKS = YES;
				GCC_OPTIMIZATION_LEVEL = 0;
				GCC_PREPROCESSOR_DEFINITIONS = (
					"DEBUG=1",
					"$(inherited)",
				);
				GCC_WARN_64_TO_32_BIT_CONVERSION = YES;
				GCC_WARN_ABOUT_RETURN_TYPE = YES_ERROR;
				GCC_WARN_UNDECLARED_SELECTOR = YES;
				GCC_WARN_UNINITIALIZED_AUTOS = YES_AGGRESSIVE;
				GCC_WARN_UNUSED_FUNCTION = YES;
				GCC_WARN_UNUSED_VARIABLE = YES;
				IPHONEOS_DEPLOYMENT_TARGET = 10.2;
				MTL_ENABLE_DEBUG_INFO = YES;
				ONLY_ACTIVE_ARCH = YES;
				SDKROOT = iphoneos;
				SWIFT_ACTIVE_COMPILATION_CONDITIONS = DEBUG;
				SWIFT_OPTIMIZATION_LEVEL = "-Onone";
				TARGETED_DEVICE_FAMILY = "1,2";
			};
			name = Debug;
		};
		020F75691E3AB8A7001007EA /* Release */ = {
			isa = XCBuildConfiguration;
			buildSettings = {
				ALWAYS_SEARCH_USER_PATHS = NO;
				CLANG_ANALYZER_NONNULL = YES;
				CLANG_CXX_LANGUAGE_STANDARD = "gnu++0x";
				CLANG_CXX_LIBRARY = "libc++";
				CLANG_ENABLE_MODULES = YES;
				CLANG_ENABLE_OBJC_ARC = YES;
				CLANG_WARN_BOOL_CONVERSION = YES;
				CLANG_WARN_CONSTANT_CONVERSION = YES;
				CLANG_WARN_DIRECT_OBJC_ISA_USAGE = YES_ERROR;
				CLANG_WARN_DOCUMENTATION_COMMENTS = YES;
				CLANG_WARN_EMPTY_BODY = YES;
				CLANG_WARN_ENUM_CONVERSION = YES;
				CLANG_WARN_INFINITE_RECURSION = YES;
				CLANG_WARN_INT_CONVERSION = YES;
				CLANG_WARN_OBJC_ROOT_CLASS = YES_ERROR;
				CLANG_WARN_SUSPICIOUS_MOVE = YES;
				CLANG_WARN_UNREACHABLE_CODE = YES;
				CLANG_WARN__DUPLICATE_METHOD_MATCH = YES;
				"CODE_SIGN_IDENTITY[sdk=iphoneos*]" = "iPhone Developer";
				COPY_PHASE_STRIP = NO;
				DEBUG_INFORMATION_FORMAT = "dwarf-with-dsym";
				ENABLE_NS_ASSERTIONS = NO;
				ENABLE_STRICT_OBJC_MSGSEND = YES;
				GCC_C_LANGUAGE_STANDARD = gnu99;
				GCC_NO_COMMON_BLOCKS = YES;
				GCC_WARN_64_TO_32_BIT_CONVERSION = YES;
				GCC_WARN_ABOUT_RETURN_TYPE = YES_ERROR;
				GCC_WARN_UNDECLARED_SELECTOR = YES;
				GCC_WARN_UNINITIALIZED_AUTOS = YES_AGGRESSIVE;
				GCC_WARN_UNUSED_FUNCTION = YES;
				GCC_WARN_UNUSED_VARIABLE = YES;
				IPHONEOS_DEPLOYMENT_TARGET = 10.2;
				MTL_ENABLE_DEBUG_INFO = NO;
				SDKROOT = iphoneos;
				SWIFT_OPTIMIZATION_LEVEL = "-Owholemodule";
				TARGETED_DEVICE_FAMILY = "1,2";
				VALIDATE_PRODUCT = YES;
			};
			name = Release;
		};
		020F756B1E3AB8A7001007EA /* Debug */ = {
			isa = XCBuildConfiguration;
			baseConfigurationReference = FEEE3D6F979E70CEE3E1C838 /* Pods-Systemly.debug.xcconfig */;
			buildSettings = {
				ASSETCATALOG_COMPILER_APPICON_NAME = AppIcon;
				CLANG_ENABLE_MODULES = YES;
				CODE_SIGN_ENTITLEMENTS = Systemly/Systemly.entitlements;
				DEVELOPMENT_TEAM = 6P98KSK3PB;
				INFOPLIST_FILE = Systemly/Info.plist;
				LD_RUNPATH_SEARCH_PATHS = "$(inherited) @executable_path/Frameworks";
				PRODUCT_BUNDLE_IDENTIFIER = com.example.Systemly;
				PRODUCT_NAME = "$(TARGET_NAME)";
				SWIFT_OBJC_BRIDGING_HEADER = "Systemly/Systemly-Bridging-Header.h";
				SWIFT_OPTIMIZATION_LEVEL = "-Onone";
				SWIFT_VERSION = 3.0;
			};
			name = Debug;
		};
		020F756C1E3AB8A7001007EA /* Release */ = {
			isa = XCBuildConfiguration;
			baseConfigurationReference = E0304FF4157A5C3D32AA5813 /* Pods-Systemly.release.xcconfig */;
			buildSettings = {
				ASSETCATALOG_COMPILER_APPICON_NAME = AppIcon;
				CLANG_ENABLE_MODULES = YES;
				CODE_SIGN_ENTITLEMENTS = Systemly/Systemly.entitlements;
				DEVELOPMENT_TEAM = 6P98KSK3PB;
				INFOPLIST_FILE = Systemly/Info.plist;
				LD_RUNPATH_SEARCH_PATHS = "$(inherited) @executable_path/Frameworks";
				PRODUCT_BUNDLE_IDENTIFIER = com.example.Systemly;
				PRODUCT_NAME = "$(TARGET_NAME)";
				SWIFT_OBJC_BRIDGING_HEADER = "Systemly/Systemly-Bridging-Header.h";
				SWIFT_VERSION = 3.0;
			};
			name = Release;
		};
/* End XCBuildConfiguration section */

/* Begin XCConfigurationList section */
		020F75531E3AB8A7001007EA /* Build configuration list for PBXProject "Systemly" */ = {
			isa = XCConfigurationList;
			buildConfigurations = (
				020F75681E3AB8A7001007EA /* Debug */,
				020F75691E3AB8A7001007EA /* Release */,
			);
			defaultConfigurationIsVisible = 0;
			defaultConfigurationName = Release;
		};
		020F756A1E3AB8A7001007EA /* Build configuration list for PBXNativeTarget "Systemly" */ = {
			isa = XCConfigurationList;
			buildConfigurations = (
				020F756B1E3AB8A7001007EA /* Debug */,
				020F756C1E3AB8A7001007EA /* Release */,
			);
			defaultConfigurationIsVisible = 0;
			defaultConfigurationName = Release;
		};
/* End XCConfigurationList section */
	};
	rootObject = 020F75501E3AB8A7001007EA /* Project object */;
}
